PODS:
  - Flutter (1.0.0)
  - flutter_pusher (0.0.1):
    - Flutter
    - libPusher (= 1.6.3)
  - libPusher (1.6.3):
    - libPusher/Core (= 1.6.3)
  - libPusher/Core (1.6.3):
    - SocketRocket (= 0.5.1)
  - SocketRocket (0.5.1)

DEPENDENCIES:
  - Flutter (from `.symlinks/flutter/ios`)
  - flutter_pusher (from `.symlinks/plugins/flutter_pusher/ios`)

SPEC REPOS:
  https://github.com/cocoapods/specs.git:
    - libPusher
    - SocketRocket

EXTERNAL SOURCES:
  Flutter:
    :path: ".symlinks/flutter/ios"
  flutter_pusher:
    :path: ".symlinks/plugins/flutter_pusher/ios"

SPEC CHECKSUMS:
  Flutter: 0e3d915762c693b495b44d77113d4970485de6ec
  flutter_pusher: ba33a65add108837782ab301dcca07512be3bc28
  libPusher: b7fcf16e2db51c37915613652311d66065743ead
  SocketRocket: d57c7159b83c3c6655745cd15302aa24b6bae531

PODFILE CHECKSUM: 10ae9c18d12c9ffc2275c9a159a3b1e281990db0

COCOAPODS: 1.7.5
