PODS:
  - CryptoSwift (0.15.0)
  - Flutter (1.0.0)
  - flutter_pusher (1.0.1):
    - Flutter
    - PusherSwift (= 7.2.0)
  - PusherSwift (7.2.0):
    - CryptoSwift (~> 0.9)
    - ReachabilitySwift (= 4.3.0)
    - Starscream (~> 3.0.5)
  - ReachabilitySwift (4.3.0)
  - Starscream (3.0.6)

DEPENDENCIES:
  - Flutter (from `.symlinks/flutter/ios`)
  - flutter_pusher (from `.symlinks/plugins/flutter_pusher/ios`)

SPEC REPOS:
  trunk:
    - CryptoSwift
    - PusherSwift
    - ReachabilitySwift
    - Starscream

EXTERNAL SOURCES:
  Flutter:
    :path: ".symlinks/flutter/ios"
  flutter_pusher:
    :path: ".symlinks/plugins/flutter_pusher/ios"

SPEC CHECKSUMS:
  CryptoSwift: 769f58a9e89f64e8796c2e59ce5f002dc81a2438
  Flutter: 0e3d915762c693b495b44d77113d4970485de6ec
  flutter_pusher: b3b0050cb346fd0add6f9e1d2fae5125ea105232
  PusherSwift: a5369a01e8a9106b4897e9186265af1426726062
  ReachabilitySwift: 408477d1b6ed9779dba301953171e017c31241f3
  Starscream: ef3ece99d765eeccb67de105bfa143f929026cf5

PODFILE CHECKSUM: d231b65d6bea6d24555f84ca7901720538b5791f

COCOAPODS: 1.8.4
